
Microsoft Visual Studio Solution File, Format Version 12.00
# Visual Studio Version 17
VisualStudioVersion = 17.14.36518.9
MinimumVisualStudioVersion = 10.0.40219.1
Project("{2150E333-8FDC-42A3-9474-1A3956D46DE8}") = "Task0", "Task0", "{02EA681E-C7D8-13C7-8484-4AC65E1B71E8}"
EndProject
Project("{2150E333-8FDC-42A3-9474-1A3956D46DE8}") = "Task1", "Task1", "{07233BAC-2591-4F93-A3C5-2D2989241E4F}"
EndProject
Project("{2150E333-8FDC-42A3-9474-1A3956D46DE8}") = "Task2", "Task2", "{ABF89E53-E627-49AC-978B-61D3A14CB96F}"
EndProject
Project("{2150E333-8FDC-42A3-9474-1A3956D46DE8}") = "Task3", "Task3", "{1E9F519E-4524-49E4-B0AE-9D01E792E68A}"
EndProject
Project("{2150E333-8FDC-42A3-9474-1A3956D46DE8}") = "Task4", "Task4", "{37529C22-FABF-4215-96A1-37F3989C8D3C}"
EndProject
Project("{2150E333-8FDC-42A3-9474-1A3956D46DE8}") = "Task5", "Task5", "{F280D5A3-4241-4FCA-8643-0CD2598FE506}"
EndProject
Project("{2150E333-8FDC-42A3-9474-1A3956D46DE8}") = "Task6", "Task6", "{9E54FC74-A3F9-4BC0-93F4-D64B9FE4E56E}"
EndProject
Project("{2150E333-8FDC-42A3-9474-1A3956D46DE8}") = "Task7", "Task7", "{0EC38E4D-C89D-450C-9CDE-2E77468BC533}"
EndProject
Project("{FAE04EC0-301F-11D3-BF4B-00C04F79EFBC}") = "Tyuiu.TikhomirovaKA.Sprint3.Task0.V22.Lib", "Tyuiu.TikhomirovaKA.Sprint3.Task0.V22.Lib\Tyuiu.TikhomirovaKA.Sprint3.Task0.V22.Lib.csproj", "{7336134E-806A-76CD-DE34-EAF2EFD63A0D}"
EndProject
Project("{FAE04EC0-301F-11D3-BF4B-00C04F79EFBC}") = "Tyuiu.TikhomirovaKA.Sprint3.Task0.V22.Test", "Tyuiu.TikhomirovaKA.Sprint3.Task0.V22.Test\Tyuiu.TikhomirovaKA.Sprint3.Task0.V22.Test.csproj", "{15F6055A-49EE-3321-BF14-FC4FE0FF3028}"
EndProject
Project("{FAE04EC0-301F-11D3-BF4B-00C04F79EFBC}") = "Tyuiu.TikhomirovaKA.Sprint3.Task0.V22", "Tyuiu.TikhomirovaKA.Sprint3.Task0.V22\Tyuiu.TikhomirovaKA.Sprint3.Task0.V22.csproj", "{CE2DD54B-F45A-4977-B36D-3F1595C4A527}"
EndProject
Project("{FAE04EC0-301F-11D3-BF4B-00C04F79EFBC}") = "Tyuiu.TikhomirovaKA.Sprint3.Task1.V25.Lib", "Tyuiu.TikhomirovaKA.Sprint3.Task1.V25.Lib\Tyuiu.TikhomirovaKA.Sprint3.Task1.V25.Lib.csproj", "{54673E19-5A95-CC42-D091-16D210652802}"
EndProject
Project("{FAE04EC0-301F-11D3-BF4B-00C04F79EFBC}") = "Tyuiu.TikhomirovaKA.Sprint3.Task1.V25.Test", "Tyuiu.TikhomirovaKA.Sprint3.Task1.V25.Test\Tyuiu.TikhomirovaKA.Sprint3.Task1.V25.Test.csproj", "{E3D020B7-C454-A89A-BE48-FC9C2903544D}"
EndProject
Project("{FAE04EC0-301F-11D3-BF4B-00C04F79EFBC}") = "Tyuiu.TikhomirovaKA.Sprint3.Task1.V25", "Tyuiu.TikhomirovaKA.Sprint3.Task1.V25\Tyuiu.TikhomirovaKA.Sprint3.Task1.V25.csproj", "{FCF2D420-83D8-F09C-1E28-7E2E9E76859D}"
EndProject
Project("{FAE04EC0-301F-11D3-BF4B-00C04F79EFBC}") = "Tyuiu.TikhomirovaKA.Sprint3.Task2.V1", "Tyuiu.TikhomirovaKA.Sprint3.Task2.V1\Tyuiu.TikhomirovaKA.Sprint3.Task2.V1.csproj", "{0E884724-3F0B-4A9C-8F79-FA514571DC40}"
EndProject
Project("{FAE04EC0-301F-11D3-BF4B-00C04F79EFBC}") = "Tyuiu.TikhomirovaKA.Sprint3.Task2.V1.Test", "Tyuiu.TikhomirovaKA.Sprint3.Task2.V1.Test\Tyuiu.TikhomirovaKA.Sprint3.Task2.V1.Test.csproj", "{6D89120F-5C9A-4CA7-83F8-DBEC5B30B572}"
EndProject
Project("{FAE04EC0-301F-11D3-BF4B-00C04F79EFBC}") = "Tyuiu.TikhomirovaKA.Sprint3.Task2.V1.Lib", "Tyuiu.TikhomirovaKA.Sprint3.Task2.V1.Lib\Tyuiu.TikhomirovaKA.Sprint3.Task2.V1.Lib.csproj", "{9DC86AF9-B8D4-4C39-B3AF-C91F27F8E6CE}"
EndProject
Project("{FAE04EC0-301F-11D3-BF4B-00C04F79EFBC}") = "Tyuiu.TikhomirovaKA.Sprint3.Task3.V18", "Tyuiu.TikhomirovaKA.Sprint3.Task3.V18\Tyuiu.TikhomirovaKA.Sprint3.Task3.V18.csproj", "{911D27AC-8423-45EE-9413-84E1DA0D9C0A}"
EndProject
Project("{FAE04EC0-301F-11D3-BF4B-00C04F79EFBC}") = "Tyuiu.TikhomirovaKA.Sprint3.Task3.V18.Lib", "Tyuiu.TikhomirovaKA.Sprint3.Task3.V18.Lib\Tyuiu.TikhomirovaKA.Sprint3.Task3.V18.Lib.csproj", "{B5CA74A7-061C-4177-BD7D-BA171C4A2A40}"
EndProject
Project("{FAE04EC0-301F-11D3-BF4B-00C04F79EFBC}") = "Tyuiu.TikhomirovaKA.Sprint3.Task3.V18.Test", "Tyuiu.TikhomirovaKA.Sprint3.Task3.V18.Test\Tyuiu.TikhomirovaKA.Sprint3.Task3.V18.Test.csproj", "{6ED6755C-8FFF-4C97-AE92-1A53CABBC0BE}"
EndProject
Project("{FAE04EC0-301F-11D3-BF4B-00C04F79EFBC}") = "Tyuiu.TikhomirovaKA.Sprint3.Task4.V4", "Tyuiu.TikhomirovaKA.Sprint3.Task4.V4\Tyuiu.TikhomirovaKA.Sprint3.Task4.V4.csproj", "{484B2006-68BD-4B25-9A5D-509D24604191}"
EndProject
Project("{FAE04EC0-301F-11D3-BF4B-00C04F79EFBC}") = "Tyuiu.TikhomirovaKA.Sprint3.Task4.V4.Lib", "Tyuiu.TikhomirovaKA.Sprint3.Task4.V4.Lib\Tyuiu.TikhomirovaKA.Sprint3.Task4.V4.Lib.csproj", "{198F7AB2-01A2-4120-A993-8E99480F8798}"
EndProject
Project("{FAE04EC0-301F-11D3-BF4B-00C04F79EFBC}") = "Tyuiu.TikhomirovaKA.Sprint3.Task4.V4.Test", "Tyuiu.TikhomirovaKA.Sprint3.Task4.V4.Test\Tyuiu.TikhomirovaKA.Sprint3.Task4.V4.Test.csproj", "{A0B0E07C-5C2E-4366-A154-CD2D4BF8A8D3}"
EndProject
Project("{FAE04EC0-301F-11D3-BF4B-00C04F79EFBC}") = "Tyuiu.TikhomirovaKA.Sprint3.Task5.V3", "Tyuiu.TikhomirovaKA.Sprint3.Task5.V3\Tyuiu.TikhomirovaKA.Sprint3.Task5.V3.csproj", "{EDA6BDB5-E257-4C67-89A1-7249996691AF}"
EndProject
Project("{FAE04EC0-301F-11D3-BF4B-00C04F79EFBC}") = "Tyuiu.TikhomirovaKA.Sprint3.Task5.V3.Test", "Tyuiu.TikhomirovaKA.Sprint3.Task5.V3.Test\Tyuiu.TikhomirovaKA.Sprint3.Task5.V3.Test.csproj", "{45C37957-F032-43D2-B214-534BA54F7443}"
EndProject
Project("{FAE04EC0-301F-11D3-BF4B-00C04F79EFBC}") = "Tyuiu.TikhomirovaKA.Sprint3.Task5.V3.Lib", "Tyuiu.TikhomirovaKA.Sprint3.Task5.V3.Lib\Tyuiu.TikhomirovaKA.Sprint3.Task5.V3.Lib.csproj", "{A90E9823-471C-4319-8B11-0B8017DF970F}"
EndProject
Project("{FAE04EC0-301F-11D3-BF4B-00C04F79EFBC}") = "Tyuiu.TikhomirovaKA.Sprint3.Task6.V20", "Tyuiu.TikhomirovaKA.Sprint3.Task6.V20\Tyuiu.TikhomirovaKA.Sprint3.Task6.V20.csproj", "{5390BE68-5BC4-48DA-B1BC-4CC20F5C6A9E}"
EndProject
Project("{FAE04EC0-301F-11D3-BF4B-00C04F79EFBC}") = "Tyuiu.TikhomirovaKA.Sprint3.Task6.V20.Lib", "Tyuiu.TikhomirovaKA.Sprint3.Task6.V20.Lib\Tyuiu.TikhomirovaKA.Sprint3.Task6.V20.Lib.csproj", "{6263838C-011B-4ECD-8935-175CD587B9B6}"
EndProject
Project("{FAE04EC0-301F-11D3-BF4B-00C04F79EFBC}") = "Tyuiu.TikhomirovaKA.Sprint3.Task6.V20.Test", "Tyuiu.TikhomirovaKA.Sprint3.Task6.V20.Test\Tyuiu.TikhomirovaKA.Sprint3.Task6.V20.Test.csproj", "{CC041306-4DCB-439C-9E4C-2DC5967D8ACA}"
EndProject
Project("{FAE04EC0-301F-11D3-BF4B-00C04F79EFBC}") = "Tyuiu.TikhomirovaKA.Sprint3.Task7.V22", "Tyuiu.TikhomirovaKA.Sprint3.Task7.V22\Tyuiu.TikhomirovaKA.Sprint3.Task7.V22.csproj", "{2A6B32BB-6007-43E4-88DC-4FF416CEA5DC}"
EndProject
Project("{FAE04EC0-301F-11D3-BF4B-00C04F79EFBC}") = "Tyuiu.TikhomirovaKA.Sprint3.Task7.V22.Lib", "Tyuiu.TikhomirovaKA.Sprint3.Task7.V22.Lib\Tyuiu.TikhomirovaKA.Sprint3.Task7.V22.Lib.csproj", "{85619F70-9040-4648-8BE6-DB1C1970B65F}"
EndProject
Project("{FAE04EC0-301F-11D3-BF4B-00C04F79EFBC}") = "Tyuiu.TikhomirovaKA.Sprint3.Task7.V22.Test", "Tyuiu.TikhomirovaKA.Sprint3.Task7.V22.Test\Tyuiu.TikhomirovaKA.Sprint3.Task7.V22.Test.csproj", "{1ECD42B9-AD42-436B-8519-67FA7C659450}"
EndProject
Global
	GlobalSection(SolutionConfigurationPlatforms) = preSolution
		Debug|Any CPU = Debug|Any CPU
		Release|Any CPU = Release|Any CPU
	EndGlobalSection
	GlobalSection(ProjectConfigurationPlatforms) = postSolution
		{7336134E-806A-76CD-DE34-EAF2EFD63A0D}.Debug|Any CPU.ActiveCfg = Debug|Any CPU
		{7336134E-806A-76CD-DE34-EAF2EFD63A0D}.Debug|Any CPU.Build.0 = Debug|Any CPU
		{7336134E-806A-76CD-DE34-EAF2EFD63A0D}.Release|Any CPU.ActiveCfg = Release|Any CPU
		{7336134E-806A-76CD-DE34-EAF2EFD63A0D}.Release|Any CPU.Build.0 = Release|Any CPU
		{15F6055A-49EE-3321-BF14-FC4FE0FF3028}.Debug|Any CPU.ActiveCfg = Debug|Any CPU
		{15F6055A-49EE-3321-BF14-FC4FE0FF3028}.Debug|Any CPU.Build.0 = Debug|Any CPU
		{15F6055A-49EE-3321-BF14-FC4FE0FF3028}.Release|Any CPU.ActiveCfg = Release|Any CPU
		{15F6055A-49EE-3321-BF14-FC4FE0FF3028}.Release|Any CPU.Build.0 = Release|Any CPU
		{CE2DD54B-F45A-4977-B36D-3F1595C4A527}.Debug|Any CPU.ActiveCfg = Debug|Any CPU
		{CE2DD54B-F45A-4977-B36D-3F1595C4A527}.Debug|Any CPU.Build.0 = Debug|Any CPU
		{CE2DD54B-F45A-4977-B36D-3F1595C4A527}.Release|Any CPU.ActiveCfg = Release|Any CPU
		{CE2DD54B-F45A-4977-B36D-3F1595C4A527}.Release|Any CPU.Build.0 = Release|Any CPU
		{54673E19-5A95-CC42-D091-16D210652802}.Debug|Any CPU.ActiveCfg = Debug|Any CPU
		{54673E19-5A95-CC42-D091-16D210652802}.Debug|Any CPU.Build.0 = Debug|Any CPU
		{54673E19-5A95-CC42-D091-16D210652802}.Release|Any CPU.ActiveCfg = Release|Any CPU
		{54673E19-5A95-CC42-D091-16D210652802}.Release|Any CPU.Build.0 = Release|Any CPU
		{E3D020B7-C454-A89A-BE48-FC9C2903544D}.Debug|Any CPU.ActiveCfg = Debug|Any CPU
		{E3D020B7-C454-A89A-BE48-FC9C2903544D}.Debug|Any CPU.Build.0 = Debug|Any CPU
		{E3D020B7-C454-A89A-BE48-FC9C2903544D}.Release|Any CPU.ActiveCfg = Release|Any CPU
		{E3D020B7-C454-A89A-BE48-FC9C2903544D}.Release|Any CPU.Build.0 = Release|Any CPU
		{FCF2D420-83D8-F09C-1E28-7E2E9E76859D}.Debug|Any CPU.ActiveCfg = Debug|Any CPU
		{FCF2D420-83D8-F09C-1E28-7E2E9E76859D}.Debug|Any CPU.Build.0 = Debug|Any CPU
		{FCF2D420-83D8-F09C-1E28-7E2E9E76859D}.Release|Any CPU.ActiveCfg = Release|Any CPU
		{FCF2D420-83D8-F09C-1E28-7E2E9E76859D}.Release|Any CPU.Build.0 = Release|Any CPU
		{0E884724-3F0B-4A9C-8F79-FA514571DC40}.Debug|Any CPU.ActiveCfg = Debug|Any CPU
		{0E884724-3F0B-4A9C-8F79-FA514571DC40}.Debug|Any CPU.Build.0 = Debug|Any CPU
		{0E884724-3F0B-4A9C-8F79-FA514571DC40}.Release|Any CPU.ActiveCfg = Release|Any CPU
		{0E884724-3F0B-4A9C-8F79-FA514571DC40}.Release|Any CPU.Build.0 = Release|Any CPU
		{6D89120F-5C9A-4CA7-83F8-DBEC5B30B572}.Debug|Any CPU.ActiveCfg = Debug|Any CPU
		{6D89120F-5C9A-4CA7-83F8-DBEC5B30B572}.Debug|Any CPU.Build.0 = Debug|Any CPU
		{6D89120F-5C9A-4CA7-83F8-DBEC5B30B572}.Release|Any CPU.ActiveCfg = Release|Any CPU
		{6D89120F-5C9A-4CA7-83F8-DBEC5B30B572}.Release|Any CPU.Build.0 = Release|Any CPU
		{9DC86AF9-B8D4-4C39-B3AF-C91F27F8E6CE}.Debug|Any CPU.ActiveCfg = Debug|Any CPU
		{9DC86AF9-B8D4-4C39-B3AF-C91F27F8E6CE}.Debug|Any CPU.Build.0 = Debug|Any CPU
		{9DC86AF9-B8D4-4C39-B3AF-C91F27F8E6CE}.Release|Any CPU.ActiveCfg = Release|Any CPU
		{9DC86AF9-B8D4-4C39-B3AF-C91F27F8E6CE}.Release|Any CPU.Build.0 = Release|Any CPU
		{911D27AC-8423-45EE-9413-84E1DA0D9C0A}.Debug|Any CPU.ActiveCfg = Debug|Any CPU
		{911D27AC-8423-45EE-9413-84E1DA0D9C0A}.Debug|Any CPU.Build.0 = Debug|Any CPU
		{911D27AC-8423-45EE-9413-84E1DA0D9C0A}.Release|Any CPU.ActiveCfg = Release|Any CPU
		{911D27AC-8423-45EE-9413-84E1DA0D9C0A}.Release|Any CPU.Build.0 = Release|Any CPU
		{B5CA74A7-061C-4177-BD7D-BA171C4A2A40}.Debug|Any CPU.ActiveCfg = Debug|Any CPU
		{B5CA74A7-061C-4177-BD7D-BA171C4A2A40}.Debug|Any CPU.Build.0 = Debug|Any CPU
		{B5CA74A7-061C-4177-BD7D-BA171C4A2A40}.Release|Any CPU.ActiveCfg = Release|Any CPU
		{B5CA74A7-061C-4177-BD7D-BA171C4A2A40}.Release|Any CPU.Build.0 = Release|Any CPU
		{6ED6755C-8FFF-4C97-AE92-1A53CABBC0BE}.Debug|Any CPU.ActiveCfg = Debug|Any CPU
		{6ED6755C-8FFF-4C97-AE92-1A53CABBC0BE}.Debug|Any CPU.Build.0 = Debug|Any CPU
		{6ED6755C-8FFF-4C97-AE92-1A53CABBC0BE}.Release|Any CPU.ActiveCfg = Release|Any CPU
		{6ED6755C-8FFF-4C97-AE92-1A53CABBC0BE}.Release|Any CPU.Build.0 = Release|Any CPU
		{484B2006-68BD-4B25-9A5D-509D24604191}.Debug|Any CPU.ActiveCfg = Debug|Any CPU
		{484B2006-68BD-4B25-9A5D-509D24604191}.Debug|Any CPU.Build.0 = Debug|Any CPU
		{484B2006-68BD-4B25-9A5D-509D24604191}.Release|Any CPU.ActiveCfg = Release|Any CPU
		{484B2006-68BD-4B25-9A5D-509D24604191}.Release|Any CPU.Build.0 = Release|Any CPU
		{198F7AB2-01A2-4120-A993-8E99480F8798}.Debug|Any CPU.ActiveCfg = Debug|Any CPU
		{198F7AB2-01A2-4120-A993-8E99480F8798}.Debug|Any CPU.Build.0 = Debug|Any CPU
		{198F7AB2-01A2-4120-A993-8E99480F8798}.Release|Any CPU.ActiveCfg = Release|Any CPU
		{198F7AB2-01A2-4120-A993-8E99480F8798}.Release|Any CPU.Build.0 = Release|Any CPU
		{A0B0E07C-5C2E-4366-A154-CD2D4BF8A8D3}.Debug|Any CPU.ActiveCfg = Debug|Any CPU
		{A0B0E07C-5C2E-4366-A154-CD2D4BF8A8D3}.Debug|Any CPU.Build.0 = Debug|Any CPU
		{A0B0E07C-5C2E-4366-A154-CD2D4BF8A8D3}.Release|Any CPU.ActiveCfg = Release|Any CPU
		{A0B0E07C-5C2E-4366-A154-CD2D4BF8A8D3}.Release|Any CPU.Build.0 = Release|Any CPU
		{EDA6BDB5-E257-4C67-89A1-7249996691AF}.Debug|Any CPU.ActiveCfg = Debug|Any CPU
		{EDA6BDB5-E257-4C67-89A1-7249996691AF}.Debug|Any CPU.Build.0 = Debug|Any CPU
		{EDA6BDB5-E257-4C67-89A1-7249996691AF}.Release|Any CPU.ActiveCfg = Release|Any CPU
		{EDA6BDB5-E257-4C67-89A1-7249996691AF}.Release|Any CPU.Build.0 = Release|Any CPU
		{45C37957-F032-43D2-B214-534BA54F7443}.Debug|Any CPU.ActiveCfg = Debug|Any CPU
		{45C37957-F032-43D2-B214-534BA54F7443}.Debug|Any CPU.Build.0 = Debug|Any CPU
		{45C37957-F032-43D2-B214-534BA54F7443}.Release|Any CPU.ActiveCfg = Release|Any CPU
		{45C37957-F032-43D2-B214-534BA54F7443}.Release|Any CPU.Build.0 = Release|Any CPU
		{A90E9823-471C-4319-8B11-0B8017DF970F}.Debug|Any CPU.ActiveCfg = Debug|Any CPU
		{A90E9823-471C-4319-8B11-0B8017DF970F}.Debug|Any CPU.Build.0 = Debug|Any CPU
		{A90E9823-471C-4319-8B11-0B8017DF970F}.Release|Any CPU.ActiveCfg = Release|Any CPU
		{A90E9823-471C-4319-8B11-0B8017DF970F}.Release|Any CPU.Build.0 = Release|Any CPU
		{5390BE68-5BC4-48DA-B1BC-4CC20F5C6A9E}.Debug|Any CPU.ActiveCfg = Debug|Any CPU
		{5390BE68-5BC4-48DA-B1BC-4CC20F5C6A9E}.Debug|Any CPU.Build.0 = Debug|Any CPU
		{5390BE68-5BC4-48DA-B1BC-4CC20F5C6A9E}.Release|Any CPU.ActiveCfg = Release|Any CPU
		{5390BE68-5BC4-48DA-B1BC-4CC20F5C6A9E}.Release|Any CPU.Build.0 = Release|Any CPU
		{6263838C-011B-4ECD-8935-175CD587B9B6}.Debug|Any CPU.ActiveCfg = Debug|Any CPU
		{6263838C-011B-4ECD-8935-175CD587B9B6}.Debug|Any CPU.Build.0 = Debug|Any CPU
		{6263838C-011B-4ECD-8935-175CD587B9B6}.Release|Any CPU.ActiveCfg = Release|Any CPU
		{6263838C-011B-4ECD-8935-175CD587B9B6}.Release|Any CPU.Build.0 = Release|Any CPU
		{CC041306-4DCB-439C-9E4C-2DC5967D8ACA}.Debug|Any CPU.ActiveCfg = Debug|Any CPU
		{CC041306-4DCB-439C-9E4C-2DC5967D8ACA}.Debug|Any CPU.Build.0 = Debug|Any CPU
		{CC041306-4DCB-439C-9E4C-2DC5967D8ACA}.Release|Any CPU.ActiveCfg = Release|Any CPU
		{CC041306-4DCB-439C-9E4C-2DC5967D8ACA}.Release|Any CPU.Build.0 = Release|Any CPU
		{2A6B32BB-6007-43E4-88DC-4FF416CEA5DC}.Debug|Any CPU.ActiveCfg = Debug|Any CPU
		{2A6B32BB-6007-43E4-88DC-4FF416CEA5DC}.Debug|Any CPU.Build.0 = Debug|Any CPU
		{2A6B32BB-6007-43E4-88DC-4FF416CEA5DC}.Release|Any CPU.ActiveCfg = Release|Any CPU
		{2A6B32BB-6007-43E4-88DC-4FF416CEA5DC}.Release|Any CPU.Build.0 = Release|Any CPU
		{85619F70-9040-4648-8BE6-DB1C1970B65F}.Debug|Any CPU.ActiveCfg = Debug|Any CPU
		{85619F70-9040-4648-8BE6-DB1C1970B65F}.Debug|Any CPU.Build.0 = Debug|Any CPU
		{85619F70-9040-4648-8BE6-DB1C1970B65F}.Release|Any CPU.ActiveCfg = Release|Any CPU
		{85619F70-9040-4648-8BE6-DB1C1970B65F}.Release|Any CPU.Build.0 = Release|Any CPU
		{1ECD42B9-AD42-436B-8519-67FA7C659450}.Debug|Any CPU.ActiveCfg = Debug|Any CPU
		{1ECD42B9-AD42-436B-8519-67FA7C659450}.Debug|Any CPU.Build.0 = Debug|Any CPU
		{1ECD42B9-AD42-436B-8519-67FA7C659450}.Release|Any CPU.ActiveCfg = Release|Any CPU
		{1ECD42B9-AD42-436B-8519-67FA7C659450}.Release|Any CPU.Build.0 = Release|Any CPU
	EndGlobalSection
	GlobalSection(SolutionProperties) = preSolution
		HideSolutionNode = FALSE
	EndGlobalSection
	GlobalSection(NestedProjects) = preSolution
		{7336134E-806A-76CD-DE34-EAF2EFD63A0D} = {02EA681E-C7D8-13C7-8484-4AC65E1B71E8}
		{15F6055A-49EE-3321-BF14-FC4FE0FF3028} = {02EA681E-C7D8-13C7-8484-4AC65E1B71E8}
		{CE2DD54B-F45A-4977-B36D-3F1595C4A527} = {02EA681E-C7D8-13C7-8484-4AC65E1B71E8}
		{54673E19-5A95-CC42-D091-16D210652802} = {07233BAC-2591-4F93-A3C5-2D2989241E4F}
		{E3D020B7-C454-A89A-BE48-FC9C2903544D} = {07233BAC-2591-4F93-A3C5-2D2989241E4F}
		{FCF2D420-83D8-F09C-1E28-7E2E9E76859D} = {07233BAC-2591-4F93-A3C5-2D2989241E4F}
		{0E884724-3F0B-4A9C-8F79-FA514571DC40} = {ABF89E53-E627-49AC-978B-61D3A14CB96F}
		{6D89120F-5C9A-4CA7-83F8-DBEC5B30B572} = {ABF89E53-E627-49AC-978B-61D3A14CB96F}
		{9DC86AF9-B8D4-4C39-B3AF-C91F27F8E6CE} = {ABF89E53-E627-49AC-978B-61D3A14CB96F}
		{911D27AC-8423-45EE-9413-84E1DA0D9C0A} = {1E9F519E-4524-49E4-B0AE-9D01E792E68A}
		{B5CA74A7-061C-4177-BD7D-BA171C4A2A40} = {1E9F519E-4524-49E4-B0AE-9D01E792E68A}
		{6ED6755C-8FFF-4C97-AE92-1A53CABBC0BE} = {1E9F519E-4524-49E4-B0AE-9D01E792E68A}
		{484B2006-68BD-4B25-9A5D-509D24604191} = {37529C22-FABF-4215-96A1-37F3989C8D3C}
		{198F7AB2-01A2-4120-A993-8E99480F8798} = {37529C22-FABF-4215-96A1-37F3989C8D3C}
		{A0B0E07C-5C2E-4366-A154-CD2D4BF8A8D3} = {37529C22-FABF-4215-96A1-37F3989C8D3C}
		{EDA6BDB5-E257-4C67-89A1-7249996691AF} = {F280D5A3-4241-4FCA-8643-0CD2598FE506}
		{45C37957-F032-43D2-B214-534BA54F7443} = {F280D5A3-4241-4FCA-8643-0CD2598FE506}
		{A90E9823-471C-4319-8B11-0B8017DF970F} = {F280D5A3-4241-4FCA-8643-0CD2598FE506}
		{5390BE68-5BC4-48DA-B1BC-4CC20F5C6A9E} = {9E54FC74-A3F9-4BC0-93F4-D64B9FE4E56E}
		{6263838C-011B-4ECD-8935-175CD587B9B6} = {9E54FC74-A3F9-4BC0-93F4-D64B9FE4E56E}
		{CC041306-4DCB-439C-9E4C-2DC5967D8ACA} = {9E54FC74-A3F9-4BC0-93F4-D64B9FE4E56E}
		{2A6B32BB-6007-43E4-88DC-4FF416CEA5DC} = {0EC38E4D-C89D-450C-9CDE-2E77468BC533}
		{85619F70-9040-4648-8BE6-DB1C1970B65F} = {0EC38E4D-C89D-450C-9CDE-2E77468BC533}
		{1ECD42B9-AD42-436B-8519-67FA7C659450} = {0EC38E4D-C89D-450C-9CDE-2E77468BC533}
	EndGlobalSection
	GlobalSection(ExtensibilityGlobals) = postSolution
		SolutionGuid = {93E1B5D9-D5BC-4B96-8BB6-A46CCA5449C7}
	EndGlobalSection
EndGlobal
