
Microsoft Visual Studio Solution File, Format Version 12.00
# Visual Studio Version 17
VisualStudioVersion = 17.14.36518.9 d17.14
MinimumVisualStudioVersion = 10.0.40219.1
Project("{2150E333-8FDC-42A3-9474-1A3956D46DE8}") = "Task0", "Task0", "{02EA681E-C7D8-13C7-8484-4AC65E1B71E8}"
EndProject
Project("{2150E333-8FDC-42A3-9474-1A3956D46DE8}") = "Task1", "Task1", "{07233BAC-2591-4F93-A3C5-2D2989241E4F}"
EndProject
Project("{2150E333-8FDC-42A3-9474-1A3956D46DE8}") = "Task2", "Task2", "{ABF89E53-E627-49AC-978B-61D3A14CB96F}"
EndProject
Project("{2150E333-8FDC-42A3-9474-1A3956D46DE8}") = "Task3", "Task3", "{1E9F519E-4524-49E4-B0AE-9D01E792E68A}"
EndProject
Project("{2150E333-8FDC-42A3-9474-1A3956D46DE8}") = "Task4", "Task4", "{37529C22-FABF-4215-96A1-37F3989C8D3C}"
EndProject
Project("{2150E333-8FDC-42A3-9474-1A3956D46DE8}") = "Task5", "Task5", "{F280D5A3-4241-4FCA-8643-0CD2598FE506}"
EndProject
Project("{2150E333-8FDC-42A3-9474-1A3956D46DE8}") = "Task6", "Task6", "{9E54FC74-A3F9-4BC0-93F4-D64B9FE4E56E}"
EndProject
Project("{2150E333-8FDC-42A3-9474-1A3956D46DE8}") = "Task7", "Task7", "{0EC38E4D-C89D-450C-9CDE-2E77468BC533}"
EndProject
Project("{FAE04EC0-301F-11D3-BF4B-00C04F79EFBC}") = "Tyuiu.TikhomirovaKA.Sprint3.Task1", "Tyuiu.TikhomirovaKA.Sprint3.Task1\Tyuiu.TikhomirovaKA.Sprint3.Task1.csproj", "{1CF9D58A-EEBA-4A33-B5EE-5CF44EA119DB}"
EndProject
Project("{FAE04EC0-301F-11D3-BF4B-00C04F79EFBC}") = "Tyuiu.TikhomirovaKA.Sprint3.Task1.Test", "Tyuiu.TikhomirovaKA.Sprint3.Task1.Test\Tyuiu.TikhomirovaKA.Sprint3.Task1.Test.csproj", "{88BC2F5F-136D-4B2F-A7CA-DB2486727FD1}"
EndProject
Project("{FAE04EC0-301F-11D3-BF4B-00C04F79EFBC}") = "Tyuiu.TikhomirovaKA.Sprint3.Task1.Lib", "Tyuiu.TikhomirovaKA.Sprint3.Task1.Lib\Tyuiu.TikhomirovaKA.Sprint3.Task1.Lib.csproj", "{5BACDB62-411B-4538-83F6-E444F4786447}"
EndProject
Project("{FAE04EC0-301F-11D3-BF4B-00C04F79EFBC}") = "Tyuiu.TikhomirovaKA.Sprint3.Task2", "Tyuiu.TikhomirovaKA.Sprint3.Task2\Tyuiu.TikhomirovaKA.Sprint3.Task2.csproj", "{3850BC7D-A6B6-4D0C-BF76-287CBE8825B6}"
EndProject
Project("{FAE04EC0-301F-11D3-BF4B-00C04F79EFBC}") = "Tyuiu.TikhomirovaKA.Sprint3.Task2.Test", "Tyuiu.TikhomirovaKA.Sprint3.Task2.Test\Tyuiu.TikhomirovaKA.Sprint3.Task2.Test.csproj", "{623A4E34-D2CE-426A-A4F7-BA72E021DDE9}"
EndProject
Project("{FAE04EC0-301F-11D3-BF4B-00C04F79EFBC}") = "Tyuiu.TikhomirovaKA.Sprint3.Task2.Lib", "Tyuiu.TikhomirovaKA.Sprint3.Task2.Lib\Tyuiu.TikhomirovaKA.Sprint3.Task2.Lib.csproj", "{752AF677-D2DA-4908-8BF1-90D3B0E06B1A}"
EndProject
Project("{FAE04EC0-301F-11D3-BF4B-00C04F79EFBC}") = "Tyuiu.TikhomirovaKA.Sprint3.Task3", "Tyuiu.TikhomirovaKA.Sprint3.Task3\Tyuiu.TikhomirovaKA.Sprint3.Task3.csproj", "{FE5348B2-0463-486B-AA5B-2F6F9B471E8D}"
EndProject
Project("{FAE04EC0-301F-11D3-BF4B-00C04F79EFBC}") = "Tyuiu.TikhomirovaKA.Sprint3.Task3.Lib", "Tyuiu.TikhomirovaKA.Sprint3.Task3.Lib\Tyuiu.TikhomirovaKA.Sprint3.Task3.Lib.csproj", "{37A44E1D-1692-4081-9441-351A5661B94D}"
EndProject
Project("{FAE04EC0-301F-11D3-BF4B-00C04F79EFBC}") = "Tyuiu.TikhomirovaKA.Sprint3.Task3.Test", "Tyuiu.TikhomirovaKA.Sprint3.Task3.Test\Tyuiu.TikhomirovaKA.Sprint3.Task3.Test.csproj", "{D7747976-33AA-4109-AC1A-65CF83F1172E}"
EndProject
Project("{FAE04EC0-301F-11D3-BF4B-00C04F79EFBC}") = "Tyuiu.TikhomirovaKA.Sprint3.Task4", "Tyuiu.TikhomirovaKA.Sprint3.Task4\Tyuiu.TikhomirovaKA.Sprint3.Task4.csproj", "{F36723C7-6CA4-40CA-9066-4983969C051D}"
EndProject
Project("{FAE04EC0-301F-11D3-BF4B-00C04F79EFBC}") = "Tyuiu.TikhomirovaKA.Sprint3.Task4.Test", "Tyuiu.TikhomirovaKA.Sprint3.Task4.Test\Tyuiu.TikhomirovaKA.Sprint3.Task4.Test.csproj", "{60F08046-7956-452B-98ED-1F576FDB38B8}"
EndProject
Project("{FAE04EC0-301F-11D3-BF4B-00C04F79EFBC}") = "Tyuiu.TikhomirovaKA.Sprint3.Task4.Lib", "Tyuiu.TikhomirovaKA.Sprint3.Task4.Lib\Tyuiu.TikhomirovaKA.Sprint3.Task4.Lib.csproj", "{A751AF33-DF74-4B91-9334-17A59A489E9B}"
EndProject
Project("{FAE04EC0-301F-11D3-BF4B-00C04F79EFBC}") = "Tyuiu.TikhomirovaKA.Sprint3.Task5", "Tyuiu.TikhomirovaKA.Sprint3.Task5\Tyuiu.TikhomirovaKA.Sprint3.Task5.csproj", "{7DA48E96-03A5-4E11-B6B7-5EE30CAC2AA6}"
EndProject
Project("{FAE04EC0-301F-11D3-BF4B-00C04F79EFBC}") = "Tyuiu.TikhomirovaKA.Sprint3.Task5.Lib", "Tyuiu.TikhomirovaKA.Sprint3.Task5.Lib\Tyuiu.TikhomirovaKA.Sprint3.Task5.Lib.csproj", "{64E4168B-ABEB-4F03-A24F-42D93441C335}"
EndProject
Project("{FAE04EC0-301F-11D3-BF4B-00C04F79EFBC}") = "Tyuiu.TikhomirovaKA.Sprint3.Task5.Test", "Tyuiu.TikhomirovaKA.Sprint3.Task5.Test\Tyuiu.TikhomirovaKA.Sprint3.Task5.Test.csproj", "{0D8D62ED-BB03-45B2-981E-2EBFC396876E}"
EndProject
Project("{FAE04EC0-301F-11D3-BF4B-00C04F79EFBC}") = "Tyuiu.TikhomirovaKA.Sprint3.Task6", "Tyuiu.TikhomirovaKA.Sprint3.Task6\Tyuiu.TikhomirovaKA.Sprint3.Task6.csproj", "{DACADE73-7342-4C4B-AAAA-0392C8BF825B}"
EndProject
Project("{FAE04EC0-301F-11D3-BF4B-00C04F79EFBC}") = "Tyuiu.TikhomirovaKA.Sprint3.Task6.Test", "Tyuiu.TikhomirovaKA.Sprint3.Task6.Test\Tyuiu.TikhomirovaKA.Sprint3.Task6.Test.csproj", "{A8072D12-8397-45A7-A90F-5E76A761142E}"
EndProject
Project("{FAE04EC0-301F-11D3-BF4B-00C04F79EFBC}") = "Tyuiu.TikhomirovaKA.Sprint3.Task6.Lib", "Tyuiu.TikhomirovaKA.Sprint3.Task6.Lib\Tyuiu.TikhomirovaKA.Sprint3.Task6.Lib.csproj", "{9A35C8FC-E3B3-45A1-A8A6-3322D9FD86A2}"
EndProject
Project("{FAE04EC0-301F-11D3-BF4B-00C04F79EFBC}") = "Tyuiu.TikhomirovaKA.Sprint3.Task7", "Tyuiu.TikhomirovaKA.Sprint3.Task7\Tyuiu.TikhomirovaKA.Sprint3.Task7.csproj", "{0058C75E-45BD-4EE9-A30D-2259134B647F}"
EndProject
Project("{FAE04EC0-301F-11D3-BF4B-00C04F79EFBC}") = "Tyuiu.TikhomirovaKA.Sprint3.Task7.Lib", "Tyuiu.TikhomirovaKA.Sprint3.Task7.Lib\Tyuiu.TikhomirovaKA.Sprint3.Task7.Lib.csproj", "{E89C656D-0875-4074-B023-DB9FC5829F52}"
EndProject
Project("{FAE04EC0-301F-11D3-BF4B-00C04F79EFBC}") = "Tyuiu.TikhomirovaKA.Sprint3.Task7.Test", "Tyuiu.TikhomirovaKA.Sprint3.Task7.Test\Tyuiu.TikhomirovaKA.Sprint3.Task7.Test.csproj", "{3F09DF43-3995-4E54-AE10-879A2162ED57}"
EndProject
Project("{FAE04EC0-301F-11D3-BF4B-00C04F79EFBC}") = "Tyuiu.TikhomirovaKA.Sprint3.Task0.V22.Lib", "Tyuiu.TikhomirovaKA.Sprint3.Task0.V22.Lib\Tyuiu.TikhomirovaKA.Sprint3.Task0.V22.Lib.csproj", "{7336134E-806A-76CD-DE34-EAF2EFD63A0D}"
EndProject
Project("{FAE04EC0-301F-11D3-BF4B-00C04F79EFBC}") = "Tyuiu.TikhomirovaKA.Sprint3.Task0.V22.Test", "Tyuiu.TikhomirovaKA.Sprint3.Task0.V22.Test\Tyuiu.TikhomirovaKA.Sprint3.Task0.V22.Test.csproj", "{15F6055A-49EE-3321-BF14-FC4FE0FF3028}"
EndProject
Project("{FAE04EC0-301F-11D3-BF4B-00C04F79EFBC}") = "Tyuiu.TikhomirovaKA.Sprint3.Task0.V22", "Tyuiu.TikhomirovaKA.Sprint3.Task0.V22\Tyuiu.TikhomirovaKA.Sprint3.Task0.V22.csproj", "{CE2DD54B-F45A-4977-B36D-3F1595C4A527}"
EndProject
Global
	GlobalSection(SolutionConfigurationPlatforms) = preSolution
		Debug|Any CPU = Debug|Any CPU
		Release|Any CPU = Release|Any CPU
	EndGlobalSection
	GlobalSection(ProjectConfigurationPlatforms) = postSolution
		{1CF9D58A-EEBA-4A33-B5EE-5CF44EA119DB}.Debug|Any CPU.ActiveCfg = Debug|Any CPU
		{1CF9D58A-EEBA-4A33-B5EE-5CF44EA119DB}.Debug|Any CPU.Build.0 = Debug|Any CPU
		{1CF9D58A-EEBA-4A33-B5EE-5CF44EA119DB}.Release|Any CPU.ActiveCfg = Release|Any CPU
		{1CF9D58A-EEBA-4A33-B5EE-5CF44EA119DB}.Release|Any CPU.Build.0 = Release|Any CPU
		{88BC2F5F-136D-4B2F-A7CA-DB2486727FD1}.Debug|Any CPU.ActiveCfg = Debug|Any CPU
		{88BC2F5F-136D-4B2F-A7CA-DB2486727FD1}.Debug|Any CPU.Build.0 = Debug|Any CPU
		{88BC2F5F-136D-4B2F-A7CA-DB2486727FD1}.Release|Any CPU.ActiveCfg = Release|Any CPU
		{88BC2F5F-136D-4B2F-A7CA-DB2486727FD1}.Release|Any CPU.Build.0 = Release|Any CPU
		{5BACDB62-411B-4538-83F6-E444F4786447}.Debug|Any CPU.ActiveCfg = Debug|Any CPU
		{5BACDB62-411B-4538-83F6-E444F4786447}.Debug|Any CPU.Build.0 = Debug|Any CPU
		{5BACDB62-411B-4538-83F6-E444F4786447}.Release|Any CPU.ActiveCfg = Release|Any CPU
		{5BACDB62-411B-4538-83F6-E444F4786447}.Release|Any CPU.Build.0 = Release|Any CPU
		{3850BC7D-A6B6-4D0C-BF76-287CBE8825B6}.Debug|Any CPU.ActiveCfg = Debug|Any CPU
		{3850BC7D-A6B6-4D0C-BF76-287CBE8825B6}.Debug|Any CPU.Build.0 = Debug|Any CPU
		{3850BC7D-A6B6-4D0C-BF76-287CBE8825B6}.Release|Any CPU.ActiveCfg = Release|Any CPU
		{3850BC7D-A6B6-4D0C-BF76-287CBE8825B6}.Release|Any CPU.Build.0 = Release|Any CPU
		{623A4E34-D2CE-426A-A4F7-BA72E021DDE9}.Debug|Any CPU.ActiveCfg = Debug|Any CPU
		{623A4E34-D2CE-426A-A4F7-BA72E021DDE9}.Debug|Any CPU.Build.0 = Debug|Any CPU
		{623A4E34-D2CE-426A-A4F7-BA72E021DDE9}.Release|Any CPU.ActiveCfg = Release|Any CPU
		{623A4E34-D2CE-426A-A4F7-BA72E021DDE9}.Release|Any CPU.Build.0 = Release|Any CPU
		{752AF677-D2DA-4908-8BF1-90D3B0E06B1A}.Debug|Any CPU.ActiveCfg = Debug|Any CPU
		{752AF677-D2DA-4908-8BF1-90D3B0E06B1A}.Debug|Any CPU.Build.0 = Debug|Any CPU
		{752AF677-D2DA-4908-8BF1-90D3B0E06B1A}.Release|Any CPU.ActiveCfg = Release|Any CPU
		{752AF677-D2DA-4908-8BF1-90D3B0E06B1A}.Release|Any CPU.Build.0 = Release|Any CPU
		{FE5348B2-0463-486B-AA5B-2F6F9B471E8D}.Debug|Any CPU.ActiveCfg = Debug|Any CPU
		{FE5348B2-0463-486B-AA5B-2F6F9B471E8D}.Debug|Any CPU.Build.0 = Debug|Any CPU
		{FE5348B2-0463-486B-AA5B-2F6F9B471E8D}.Release|Any CPU.ActiveCfg = Release|Any CPU
		{FE5348B2-0463-486B-AA5B-2F6F9B471E8D}.Release|Any CPU.Build.0 = Release|Any CPU
		{37A44E1D-1692-4081-9441-351A5661B94D}.Debug|Any CPU.ActiveCfg = Debug|Any CPU
		{37A44E1D-1692-4081-9441-351A5661B94D}.Debug|Any CPU.Build.0 = Debug|Any CPU
		{37A44E1D-1692-4081-9441-351A5661B94D}.Release|Any CPU.ActiveCfg = Release|Any CPU
		{37A44E1D-1692-4081-9441-351A5661B94D}.Release|Any CPU.Build.0 = Release|Any CPU
		{D7747976-33AA-4109-AC1A-65CF83F1172E}.Debug|Any CPU.ActiveCfg = Debug|Any CPU
		{D7747976-33AA-4109-AC1A-65CF83F1172E}.Debug|Any CPU.Build.0 = Debug|Any CPU
		{D7747976-33AA-4109-AC1A-65CF83F1172E}.Release|Any CPU.ActiveCfg = Release|Any CPU
		{D7747976-33AA-4109-AC1A-65CF83F1172E}.Release|Any CPU.Build.0 = Release|Any CPU
		{F36723C7-6CA4-40CA-9066-4983969C051D}.Debug|Any CPU.ActiveCfg = Debug|Any CPU
		{F36723C7-6CA4-40CA-9066-4983969C051D}.Debug|Any CPU.Build.0 = Debug|Any CPU
		{F36723C7-6CA4-40CA-9066-4983969C051D}.Release|Any CPU.ActiveCfg = Release|Any CPU
		{F36723C7-6CA4-40CA-9066-4983969C051D}.Release|Any CPU.Build.0 = Release|Any CPU
		{60F08046-7956-452B-98ED-1F576FDB38B8}.Debug|Any CPU.ActiveCfg = Debug|Any CPU
		{60F08046-7956-452B-98ED-1F576FDB38B8}.Debug|Any CPU.Build.0 = Debug|Any CPU
		{60F08046-7956-452B-98ED-1F576FDB38B8}.Release|Any CPU.ActiveCfg = Release|Any CPU
		{60F08046-7956-452B-98ED-1F576FDB38B8}.Release|Any CPU.Build.0 = Release|Any CPU
		{A751AF33-DF74-4B91-9334-17A59A489E9B}.Debug|Any CPU.ActiveCfg = Debug|Any CPU
		{A751AF33-DF74-4B91-9334-17A59A489E9B}.Debug|Any CPU.Build.0 = Debug|Any CPU
		{A751AF33-DF74-4B91-9334-17A59A489E9B}.Release|Any CPU.ActiveCfg = Release|Any CPU
		{A751AF33-DF74-4B91-9334-17A59A489E9B}.Release|Any CPU.Build.0 = Release|Any CPU
		{7DA48E96-03A5-4E11-B6B7-5EE30CAC2AA6}.Debug|Any CPU.ActiveCfg = Debug|Any CPU
		{7DA48E96-03A5-4E11-B6B7-5EE30CAC2AA6}.Debug|Any CPU.Build.0 = Debug|Any CPU
		{7DA48E96-03A5-4E11-B6B7-5EE30CAC2AA6}.Release|Any CPU.ActiveCfg = Release|Any CPU
		{7DA48E96-03A5-4E11-B6B7-5EE30CAC2AA6}.Release|Any CPU.Build.0 = Release|Any CPU
		{64E4168B-ABEB-4F03-A24F-42D93441C335}.Debug|Any CPU.ActiveCfg = Debug|Any CPU
		{64E4168B-ABEB-4F03-A24F-42D93441C335}.Debug|Any CPU.Build.0 = Debug|Any CPU
		{64E4168B-ABEB-4F03-A24F-42D93441C335}.Release|Any CPU.ActiveCfg = Release|Any CPU
		{64E4168B-ABEB-4F03-A24F-42D93441C335}.Release|Any CPU.Build.0 = Release|Any CPU
		{0D8D62ED-BB03-45B2-981E-2EBFC396876E}.Debug|Any CPU.ActiveCfg = Debug|Any CPU
		{0D8D62ED-BB03-45B2-981E-2EBFC396876E}.Debug|Any CPU.Build.0 = Debug|Any CPU
		{0D8D62ED-BB03-45B2-981E-2EBFC396876E}.Release|Any CPU.ActiveCfg = Release|Any CPU
		{0D8D62ED-BB03-45B2-981E-2EBFC396876E}.Release|Any CPU.Build.0 = Release|Any CPU
		{DACADE73-7342-4C4B-AAAA-0392C8BF825B}.Debug|Any CPU.ActiveCfg = Debug|Any CPU
		{DACADE73-7342-4C4B-AAAA-0392C8BF825B}.Debug|Any CPU.Build.0 = Debug|Any CPU
		{DACADE73-7342-4C4B-AAAA-0392C8BF825B}.Release|Any CPU.ActiveCfg = Release|Any CPU
		{DACADE73-7342-4C4B-AAAA-0392C8BF825B}.Release|Any CPU.Build.0 = Release|Any CPU
		{A8072D12-8397-45A7-A90F-5E76A761142E}.Debug|Any CPU.ActiveCfg = Debug|Any CPU
		{A8072D12-8397-45A7-A90F-5E76A761142E}.Debug|Any CPU.Build.0 = Debug|Any CPU
		{A8072D12-8397-45A7-A90F-5E76A761142E}.Release|Any CPU.ActiveCfg = Release|Any CPU
		{A8072D12-8397-45A7-A90F-5E76A761142E}.Release|Any CPU.Build.0 = Release|Any CPU
		{9A35C8FC-E3B3-45A1-A8A6-3322D9FD86A2}.Debug|Any CPU.ActiveCfg = Debug|Any CPU
		{9A35C8FC-E3B3-45A1-A8A6-3322D9FD86A2}.Debug|Any CPU.Build.0 = Debug|Any CPU
		{9A35C8FC-E3B3-45A1-A8A6-3322D9FD86A2}.Release|Any CPU.ActiveCfg = Release|Any CPU
		{9A35C8FC-E3B3-45A1-A8A6-3322D9FD86A2}.Release|Any CPU.Build.0 = Release|Any CPU
		{0058C75E-45BD-4EE9-A30D-2259134B647F}.Debug|Any CPU.ActiveCfg = Debug|Any CPU
		{0058C75E-45BD-4EE9-A30D-2259134B647F}.Debug|Any CPU.Build.0 = Debug|Any CPU
		{0058C75E-45BD-4EE9-A30D-2259134B647F}.Release|Any CPU.ActiveCfg = Release|Any CPU
		{0058C75E-45BD-4EE9-A30D-2259134B647F}.Release|Any CPU.Build.0 = Release|Any CPU
		{E89C656D-0875-4074-B023-DB9FC5829F52}.Debug|Any CPU.ActiveCfg = Debug|Any CPU
		{E89C656D-0875-4074-B023-DB9FC5829F52}.Debug|Any CPU.Build.0 = Debug|Any CPU
		{E89C656D-0875-4074-B023-DB9FC5829F52}.Release|Any CPU.ActiveCfg = Release|Any CPU
		{E89C656D-0875-4074-B023-DB9FC5829F52}.Release|Any CPU.Build.0 = Release|Any CPU
		{3F09DF43-3995-4E54-AE10-879A2162ED57}.Debug|Any CPU.ActiveCfg = Debug|Any CPU
		{3F09DF43-3995-4E54-AE10-879A2162ED57}.Debug|Any CPU.Build.0 = Debug|Any CPU
		{3F09DF43-3995-4E54-AE10-879A2162ED57}.Release|Any CPU.ActiveCfg = Release|Any CPU
		{3F09DF43-3995-4E54-AE10-879A2162ED57}.Release|Any CPU.Build.0 = Release|Any CPU
		{7336134E-806A-76CD-DE34-EAF2EFD63A0D}.Debug|Any CPU.ActiveCfg = Debug|Any CPU
		{7336134E-806A-76CD-DE34-EAF2EFD63A0D}.Debug|Any CPU.Build.0 = Debug|Any CPU
		{7336134E-806A-76CD-DE34-EAF2EFD63A0D}.Release|Any CPU.ActiveCfg = Release|Any CPU
		{7336134E-806A-76CD-DE34-EAF2EFD63A0D}.Release|Any CPU.Build.0 = Release|Any CPU
		{15F6055A-49EE-3321-BF14-FC4FE0FF3028}.Debug|Any CPU.ActiveCfg = Debug|Any CPU
		{15F6055A-49EE-3321-BF14-FC4FE0FF3028}.Debug|Any CPU.Build.0 = Debug|Any CPU
		{15F6055A-49EE-3321-BF14-FC4FE0FF3028}.Release|Any CPU.ActiveCfg = Release|Any CPU
		{15F6055A-49EE-3321-BF14-FC4FE0FF3028}.Release|Any CPU.Build.0 = Release|Any CPU
		{CE2DD54B-F45A-4977-B36D-3F1595C4A527}.Debug|Any CPU.ActiveCfg = Debug|Any CPU
		{CE2DD54B-F45A-4977-B36D-3F1595C4A527}.Debug|Any CPU.Build.0 = Debug|Any CPU
		{CE2DD54B-F45A-4977-B36D-3F1595C4A527}.Release|Any CPU.ActiveCfg = Release|Any CPU
		{CE2DD54B-F45A-4977-B36D-3F1595C4A527}.Release|Any CPU.Build.0 = Release|Any CPU
	EndGlobalSection
	GlobalSection(SolutionProperties) = preSolution
		HideSolutionNode = FALSE
	EndGlobalSection
	GlobalSection(NestedProjects) = preSolution
		{1CF9D58A-EEBA-4A33-B5EE-5CF44EA119DB} = {07233BAC-2591-4F93-A3C5-2D2989241E4F}
		{88BC2F5F-136D-4B2F-A7CA-DB2486727FD1} = {07233BAC-2591-4F93-A3C5-2D2989241E4F}
		{5BACDB62-411B-4538-83F6-E444F4786447} = {07233BAC-2591-4F93-A3C5-2D2989241E4F}
		{3850BC7D-A6B6-4D0C-BF76-287CBE8825B6} = {ABF89E53-E627-49AC-978B-61D3A14CB96F}
		{623A4E34-D2CE-426A-A4F7-BA72E021DDE9} = {ABF89E53-E627-49AC-978B-61D3A14CB96F}
		{752AF677-D2DA-4908-8BF1-90D3B0E06B1A} = {ABF89E53-E627-49AC-978B-61D3A14CB96F}
		{FE5348B2-0463-486B-AA5B-2F6F9B471E8D} = {1E9F519E-4524-49E4-B0AE-9D01E792E68A}
		{37A44E1D-1692-4081-9441-351A5661B94D} = {1E9F519E-4524-49E4-B0AE-9D01E792E68A}
		{D7747976-33AA-4109-AC1A-65CF83F1172E} = {1E9F519E-4524-49E4-B0AE-9D01E792E68A}
		{F36723C7-6CA4-40CA-9066-4983969C051D} = {37529C22-FABF-4215-96A1-37F3989C8D3C}
		{60F08046-7956-452B-98ED-1F576FDB38B8} = {37529C22-FABF-4215-96A1-37F3989C8D3C}
		{A751AF33-DF74-4B91-9334-17A59A489E9B} = {37529C22-FABF-4215-96A1-37F3989C8D3C}
		{7DA48E96-03A5-4E11-B6B7-5EE30CAC2AA6} = {F280D5A3-4241-4FCA-8643-0CD2598FE506}
		{64E4168B-ABEB-4F03-A24F-42D93441C335} = {F280D5A3-4241-4FCA-8643-0CD2598FE506}
		{0D8D62ED-BB03-45B2-981E-2EBFC396876E} = {F280D5A3-4241-4FCA-8643-0CD2598FE506}
		{DACADE73-7342-4C4B-AAAA-0392C8BF825B} = {9E54FC74-A3F9-4BC0-93F4-D64B9FE4E56E}
		{A8072D12-8397-45A7-A90F-5E76A761142E} = {9E54FC74-A3F9-4BC0-93F4-D64B9FE4E56E}
		{9A35C8FC-E3B3-45A1-A8A6-3322D9FD86A2} = {9E54FC74-A3F9-4BC0-93F4-D64B9FE4E56E}
		{0058C75E-45BD-4EE9-A30D-2259134B647F} = {0EC38E4D-C89D-450C-9CDE-2E77468BC533}
		{E89C656D-0875-4074-B023-DB9FC5829F52} = {0EC38E4D-C89D-450C-9CDE-2E77468BC533}
		{3F09DF43-3995-4E54-AE10-879A2162ED57} = {0EC38E4D-C89D-450C-9CDE-2E77468BC533}
		{7336134E-806A-76CD-DE34-EAF2EFD63A0D} = {02EA681E-C7D8-13C7-8484-4AC65E1B71E8}
		{15F6055A-49EE-3321-BF14-FC4FE0FF3028} = {02EA681E-C7D8-13C7-8484-4AC65E1B71E8}
		{CE2DD54B-F45A-4977-B36D-3F1595C4A527} = {02EA681E-C7D8-13C7-8484-4AC65E1B71E8}
	EndGlobalSection
	GlobalSection(ExtensibilityGlobals) = postSolution
		SolutionGuid = {93E1B5D9-D5BC-4B96-8BB6-A46CCA5449C7}
	EndGlobalSection
EndGlobal
